
Microsoft Visual Studio Solution File, Format Version 12.00
# Visual Studio Version 16
VisualStudioVersion = 16.0.31624.102
MinimumVisualStudioVersion = 10.0.40219.1
Project("{FAE04EC0-301F-11D3-BF4B-00C04F79EFBC}") = "moeckly_Flight", "moeckly_Flight\moeckly_Flight.csproj", "{5AAF026A-C49A-474B-8A8F-27839786553C}"
EndProject
Global
	GlobalSection(SolutionConfigurationPlatforms) = preSolution
		Debug|Any CPU = Debug|Any CPU
		Release|Any CPU = Release|Any CPU
	EndGlobalSection
	GlobalSection(ProjectConfigurationPlatforms) = postSolution
		{5AAF026A-C49A-474B-8A8F-27839786553C}.Debug|Any CPU.ActiveCfg = Debug|Any CPU
		{5AAF026A-C49A-474B-8A8F-27839786553C}.Debug|Any CPU.Build.0 = Debug|Any CPU
		{5AAF026A-C49A-474B-8A8F-27839786553C}.Release|Any CPU.ActiveCfg = Release|Any CPU
		{5AAF026A-C49A-474B-8A8F-27839786553C}.Release|Any CPU.Build.0 = Release|Any CPU
	EndGlobalSection
	GlobalSection(SolutionProperties) = preSolution
		HideSolutionNode = FALSE
	EndGlobalSection
	GlobalSection(ExtensibilityGlobals) = postSolution
		SolutionGuid = {459EF7F5-84AB-4506-85BF-E984FB9A11AC}
	EndGlobalSection
EndGlobal
